github.com/cloudcannon/bookshop/hugo/v3 v3.18.5 h1:AKWzUQpWcBSbJgHQ/5cfPQtGX40bn8vbHBGk4rlHEGE=
github.com/cloudcannon/bookshop/hugo/v3 v3.18.5/go.mod h1:s7mIonDhtsLcn10ZKuVXyqd6BDHI8vT1WQhZw8rPfY8=
github.com/cloudcannon/bookshop/hugo/v3 v3.19.0 h1:khb65FKbLXMWvm34OULEpKReCwNzE5rY1/bnC+rpMwI=
github.com/cloudcannon/bookshop/hugo/v3 v3.19.0/go.mod h1:s7mIonDhtsLcn10ZKuVXyqd6BDHI8vT1WQhZw8rPfY8=
github.com/cloudcannon/bookshop/hugo/v3 v3.20.0 h1:cplbvPKQhmRv+1gyaP61+mu5MEVoOGUEVvdoi4hmuYA=
github.com/cloudcannon/bookshop/hugo/v3 v3.20.0/go.mod h1:s7mIonDhtsLcn10ZKuVXyqd6BDHI8vT1WQhZw8rPfY8=
github.com/gethinode/mod-fontawesome/v6 v6.1.1 h1:k5Jy7nA+YfLZ9YqXH8hyaiw9wjAeOxNEUcnu6fynnJo=
github.com/gethinode/mod-fontawesome/v6 v6.1.1/go.mod h1:875OBk5te+KBJmr0PdSkFcduYnsKCuHWfcaqChh9NGo=
github.com/gethinode/mod-utils/v6 v6.0.1 h1:EnmMHjqnI/xyHPXFj1SdRLfVxNunJcKLGVtSAAFTQ8w=
github.com/gethinode/mod-utils/v6 v6.0.1/go.mod h1:E5tO9w3VKaidJpu1nI8zAKmh0bddFHOIIQnudAaXQTs=
github.com/gethinode/mod-utils/v6 v6.4.0 h1:l49KrawKE/7c6XE00wXQ9T5/kuTfiETerBz6OWn3SJc=
github.com/gethinode/mod-utils/v6 v6.4.0/go.mod h1:E5tO9w3VKaidJpu1nI8zAKmh0bddFHOIIQnudAaXQTs=
github.com/gethinode/mod-utils/v6 v6.4.1 h1:jHiJEwSjLp6tqIXayxUQTxILwnM7hWMgYyTYhxFE3ZA=
github.com/gethinode/mod-utils/v6 v6.4.1/go.mod h1:E5tO9w3VKaidJpu1nI8zAKmh0bddFHOIIQnudAaXQTs=
github.com/gethinode/mod-utils/v6 v6.5.0 h1:NdeITAfjt2ah9OHt0Nuu6F+STlC0bO9oHaFl8Agi2rk=
github.com/gethinode/mod-utils/v6 v6.5.0/go.mod h1:E5tO9w3VKaidJpu1nI8zAKmh0bddFHOIIQnudAaXQTs=
github.com/gethinode/mod-utils/v6 v6.5.1 h1:HhCN8Bc0cWxIY0ukjKP9O3jDbKg9F/YaTPO6vqjjk+I=
github.com/gethinode/mod-utils/v6 v6.5.1/go.mod h1:E5tO9w3VKaidJpu1nI8zAKmh0bddFHOIIQnudAaXQTs=
github.com/gethinode/mod-utils/v6 v6.6.2 h1:hSk1SR1MLkgZMh6cdZWwwUpGxf2vt0HQFVcbc0QQjdw=
github.com/gethinode/mod-utils/v6 v6.6.2/go.mod h1:E5tO9w3VKaidJpu1nI8zAKmh0bddFHOIIQnudAaXQTs=
github.com/gethinode/mod-utils/v6 v6.8.0 h1:Rz/6DlPKVW0791jSsobxx4I4pKQ38H4JOEeOV+GeRzU=
github.com/gethinode/mod-utils/v6 v6.8.0/go.mod h1:E5tO9w3VKaidJpu1nI8zAKmh0bddFHOIIQnudAaXQTs=
github.com/gethinode/mod-utils/v6 v6.8.3 h1:RbQS52Ap9KqqAqNQ7mkFEHw0RbqYBMpJJGPSN5q3jnE=
github.com/gethinode/mod-utils/v6 v6.8.3/go.mod h1:E5tO9w3VKaidJpu1nI8zAKmh0bddFHOIIQnudAaXQTs=
github.com/gethinode/mod-utils/v6 v6.8.4 h1:L8x3IcWEn2kms7WWuYwtbi/x7lIR18z+eJhUjmCek3g=
github.com/gethinode/mod-utils/v6 v6.8.4/go.mod h1:E5tO9w3VKaidJpu1nI8zAKmh0bddFHOIIQnudAaXQTs=
github.com/gethinode/mod-utils/v6 v6.8.5 h1:hzJgNjw6NIORMvxeJ3Q6+qPaPzLc4CQtNTWRXFVjFPM=
github.com/gethinode/mod-utils/v6 v6.8.5/go.mod h1:E5tO9w3VKaidJpu1nI8zAKmh0bddFHOIIQnudAaXQTs=
github.com/gethinode/mod-utils/v6 v6.9.0 h1:+7RsNAfYCaM3rAzwrkTC6Ui3vcpGYWj1Ek1CmUVcaq0=
github.com/gethinode/mod-utils/v6 v6.9.0/go.mod h1:E5tO9w3VKaidJpu1nI8zAKmh0bddFHOIIQnudAaXQTs=
github.com/gethinode/mod-utils/v6 v6.10.0 h1:ANC645ZSd1wpfLrsTT8yKGpTKzdLWxjPQk/C5s1mCPM=
github.com/gethinode/mod-utils/v6 v6.10.0/go.mod h1:E5tO9w3VKaidJpu1nI8zAKmh0bddFHOIIQnudAaXQTs=
github.com/gethinode/mod-utils/v6 v6.11.0 h1:q1nQwf/oDVZMP/K9dkM8GQC2OdfljLL6sH3b+eHpfyw=
github.com/gethinode/mod-utils/v6 v6.11.0/go.mod h1:E5tO9w3VKaidJpu1nI8zAKmh0bddFHOIIQnudAaXQTs=
