github.com/cloudcannon/bookshop/hugo/v3 v3.17.1 h1:weTVWBamjQHMIp/oYTFsPwRzzhWrZA6JO43QnxI1kxw=
github.com/cloudcannon/bookshop/hugo/v3 v3.17.1/go.mod h1:s7mIonDhtsLcn10ZKuVXyqd6BDHI8vT1WQhZw8rPfY8=
github.com/cloudcannon/bookshop/hugo/v3 v3.18.0 h1:Hy4UrNwvXBC1TiTmsGnYp8T1VLbdK/NBNvj7HphLBpI=
github.com/cloudcannon/bookshop/hugo/v3 v3.18.0/go.mod h1:s7mIonDhtsLcn10ZKuVXyqd6BDHI8vT1WQhZw8rPfY8=
github.com/cloudcannon/bookshop/hugo/v3 v3.18.2 h1:j3XUvvuCv/7SfGKzd7gzb3WEgs1DurqTRDe7gdMAAvU=
github.com/cloudcannon/bookshop/hugo/v3 v3.18.2/go.mod h1:s7mIonDhtsLcn10ZKuVXyqd6BDHI8vT1WQhZw8rPfY8=
github.com/gethinode/mod-utils/v5 v5.10.0 h1:NlofAfa1YILV9pwS8vMkEwVUdrnKCoIlVwJPm3+UVGs=
github.com/gethinode/mod-utils/v5 v5.10.0/go.mod h1:PwQN4oOjA6k/vet11JueJ9asZMgL0DBa3jyS9tPkBWU=
github.com/gethinode/mod-utils/v5 v5.11.0 h1:1BO9uK0zecHF6dNJcqX8NFNHSIdizlyj88n9ylLUsDc=
github.com/gethinode/mod-utils/v5 v5.11.0/go.mod h1:PwQN4oOjA6k/vet11JueJ9asZMgL0DBa3jyS9tPkBWU=
github.com/gethinode/mod-utils/v5 v5.11.1 h1:LfVXEh3dYwIFNyL4i3R9YinfN1yf1PQTivKQ2sUsCQY=
github.com/gethinode/mod-utils/v5 v5.11.1/go.mod h1:PwQN4oOjA6k/vet11JueJ9asZMgL0DBa3jyS9tPkBWU=
github.com/gethinode/mod-utils/v5 v5.12.0 h1:XH6/MsvgPfYVD8Ci3t20vRH3Zz1JpaqqG6X0/j3mRSE=
github.com/gethinode/mod-utils/v5 v5.12.0/go.mod h1:PwQN4oOjA6k/vet11JueJ9asZMgL0DBa3jyS9tPkBWU=
github.com/gethinode/mod-utils/v5 v5.13.0 h1:ztkE1REey94x36UdlZ7yeitpIQid/BcZQh+wtxBTSQ8=
github.com/gethinode/mod-utils/v5 v5.13.0/go.mod h1:PwQN4oOjA6k/vet11JueJ9asZMgL0DBa3jyS9tPkBWU=
github.com/gethinode/mod-utils/v5 v5.14.0 h1:Nntb2ei7yTRsUmGMUHo/fgCfacIk+GD/ZbSW64gu6HM=
github.com/gethinode/mod-utils/v5 v5.14.0/go.mod h1:PwQN4oOjA6k/vet11JueJ9asZMgL0DBa3jyS9tPkBWU=
github.com/gethinode/mod-utils/v5 v5.15.0 h1:8X/QT/O/OQaN6IISVg9C4/mp/DIr2+q+ofM7Ll3pLT8=
github.com/gethinode/mod-utils/v5 v5.15.0/go.mod h1:PwQN4oOjA6k/vet11JueJ9asZMgL0DBa3jyS9tPkBWU=
github.com/gethinode/mod-utils/v5 v5.15.1 h1:DE3zpIdHznpI7xOB8u+++MQHr4mdGE/WdAa7/M0lKC4=
github.com/gethinode/mod-utils/v5 v5.15.1/go.mod h1:PwQN4oOjA6k/vet11JueJ9asZMgL0DBa3jyS9tPkBWU=
github.com/gethinode/mod-utils/v5 v5.16.0 h1:RqZZKJ3cyjwCyjrzH93FBnI7zQgr+RZaSRQUAq3D3uI=
github.com/gethinode/mod-utils/v5 v5.16.0/go.mod h1:PwQN4oOjA6k/vet11JueJ9asZMgL0DBa3jyS9tPkBWU=
github.com/gethinode/mod-utils/v5 v5.16.1 h1:WzE+xFKmOGX5zAhJ/udR0BFMEiGSbFVLBX/s/n58Rmo=
github.com/gethinode/mod-utils/v5 v5.16.1/go.mod h1:PwQN4oOjA6k/vet11JueJ9asZMgL0DBa3jyS9tPkBWU=
github.com/gethinode/mod-utils/v5 v5.17.0 h1:qwOGyfWWmaSTQBaYrhRNYN/ATuTZ7XXOeAjLETxMGR0=
github.com/gethinode/mod-utils/v5 v5.17.0/go.mod h1:PwQN4oOjA6k/vet11JueJ9asZMgL0DBa3jyS9tPkBWU=
github.com/gethinode/mod-utils/v5 v5.18.0 h1:qRdwc7f+heVPJJh+383QgAYFc9i2jKHAr35ozawM9fI=
github.com/gethinode/mod-utils/v5 v5.18.0/go.mod h1:PwQN4oOjA6k/vet11JueJ9asZMgL0DBa3jyS9tPkBWU=
github.com/gethinode/mod-utils/v5 v5.19.0 h1:fX3gTsYoimUNqD/KeBsyBrrJ2DygQ0M7Rc8gL1HT5Tc=
github.com/gethinode/mod-utils/v5 v5.19.0/go.mod h1:PwQN4oOjA6k/vet11JueJ9asZMgL0DBa3jyS9tPkBWU=
github.com/gethinode/mod-utils/v5 v5.19.1 h1:peyYRxjIf8d84mt435veKaiO5nrIBXQ5xrHKHqcJehw=
github.com/gethinode/mod-utils/v5 v5.19.1/go.mod h1:PwQN4oOjA6k/vet11JueJ9asZMgL0DBa3jyS9tPkBWU=
github.com/gethinode/mod-utils/v5 v5.20.0 h1:K+oBv8kJ4pVj4m1HlxgJiC+DYNX4oumqS6Cvcp2C8Ho=
github.com/gethinode/mod-utils/v5 v5.20.0/go.mod h1:PwQN4oOjA6k/vet11JueJ9asZMgL0DBa3jyS9tPkBWU=
