github.com/cloudcannon/bookshop/hugo/v3 v3.17.1 h1:weTVWBamjQHMIp/oYTFsPwRzzhWrZA6JO43QnxI1kxw=
github.com/cloudcannon/bookshop/hugo/v3 v3.17.1/go.mod h1:s7mIonDhtsLcn10ZKuVXyqd6BDHI8vT1WQhZw8rPfY8=
github.com/gethinode/mod-blocks v1.0.5 h1:IYWyz04kfCst8NXADivjvwRho3EOJRji74/kR+M4mAY=
github.com/gethinode/mod-blocks v1.0.5/go.mod h1:H3Slh4BaxmYLX61YXyO/yqMZHlCwSlvX3VekDpnWCSM=
github.com/gethinode/mod-blocks v1.0.6 h1:9lKJpChCwqYP6Hz1971TPnVrZiydz4nXoGlIzOlsIkw=
github.com/gethinode/mod-blocks v1.0.6/go.mod h1:H3Slh4BaxmYLX61YXyO/yqMZHlCwSlvX3VekDpnWCSM=
github.com/gethinode/mod-blocks v1.2.0 h1:+UN9DjpmH53jU6T4+yjC0xShTg8FA/MRZ2XNNKxcjgw=
github.com/gethinode/mod-blocks v1.2.0/go.mod h1:H3Slh4BaxmYLX61YXyO/yqMZHlCwSlvX3VekDpnWCSM=
github.com/gethinode/mod-blocks v1.3.0 h1:Aj0kIIOFDHU83F4r7zfO54YatHr56KxWosPomANbyMM=
github.com/gethinode/mod-blocks v1.3.0/go.mod h1:H3Slh4BaxmYLX61YXyO/yqMZHlCwSlvX3VekDpnWCSM=
github.com/gethinode/mod-blocks v1.3.1 h1:LuwUVSgBrXQ6jBIoNPt730HA8TMJQVNIDxwKIgWTimo=
github.com/gethinode/mod-blocks v1.3.1/go.mod h1:H3Slh4BaxmYLX61YXyO/yqMZHlCwSlvX3VekDpnWCSM=
github.com/gethinode/mod-blocks v1.3.2 h1:k41aZFj8ca1/3Luuy1/pAcXLQZ8g36vumXMMsV9LeIQ=
github.com/gethinode/mod-blocks v1.3.2/go.mod h1:tWJHYxqGv4soXHH/DOHEpxtvv/rjp5GQdv7TAgxODnA=
github.com/gethinode/mod-utils/v5 v5.10.0 h1:NlofAfa1YILV9pwS8vMkEwVUdrnKCoIlVwJPm3+UVGs=
github.com/gethinode/mod-utils/v5 v5.10.0/go.mod h1:PwQN4oOjA6k/vet11JueJ9asZMgL0DBa3jyS9tPkBWU=
github.com/gethinode/mod-utils/v5 v5.11.0 h1:1BO9uK0zecHF6dNJcqX8NFNHSIdizlyj88n9ylLUsDc=
github.com/gethinode/mod-utils/v5 v5.11.0/go.mod h1:PwQN4oOjA6k/vet11JueJ9asZMgL0DBa3jyS9tPkBWU=
