github.com/cloudcannon/bookshop/hugo/v3 v3.17.1 h1:weTVWBamjQHMIp/oYTFsPwRzzhWrZA6JO43QnxI1kxw=
github.com/cloudcannon/bookshop/hugo/v3 v3.17.1/go.mod h1:s7mIonDhtsLcn10ZKuVXyqd6BDHI8vT1WQhZw8rPfY8=
github.com/cloudcannon/bookshop/hugo/v3 v3.18.0 h1:Hy4UrNwvXBC1TiTmsGnYp8T1VLbdK/NBNvj7HphLBpI=
github.com/cloudcannon/bookshop/hugo/v3 v3.18.0/go.mod h1:s7mIonDhtsLcn10ZKuVXyqd6BDHI8vT1WQhZw8rPfY8=
github.com/cloudcannon/bookshop/hugo/v3 v3.18.2 h1:j3XUvvuCv/7SfGKzd7gzb3WEgs1DurqTRDe7gdMAAvU=
github.com/cloudcannon/bookshop/hugo/v3 v3.18.2/go.mod h1:s7mIonDhtsLcn10ZKuVXyqd6BDHI8vT1WQhZw8rPfY8=
github.com/gethinode/mod-blocks v1.0.5 h1:IYWyz04kfCst8NXADivjvwRho3EOJRji74/kR+M4mAY=
github.com/gethinode/mod-blocks v1.0.5/go.mod h1:H3Slh4BaxmYLX61YXyO/yqMZHlCwSlvX3VekDpnWCSM=
github.com/gethinode/mod-blocks v1.0.6 h1:9lKJpChCwqYP6Hz1971TPnVrZiydz4nXoGlIzOlsIkw=
github.com/gethinode/mod-blocks v1.0.6/go.mod h1:H3Slh4BaxmYLX61YXyO/yqMZHlCwSlvX3VekDpnWCSM=
github.com/gethinode/mod-blocks v1.2.0 h1:+UN9DjpmH53jU6T4+yjC0xShTg8FA/MRZ2XNNKxcjgw=
github.com/gethinode/mod-blocks v1.2.0/go.mod h1:H3Slh4BaxmYLX61YXyO/yqMZHlCwSlvX3VekDpnWCSM=
github.com/gethinode/mod-blocks v1.3.0 h1:Aj0kIIOFDHU83F4r7zfO54YatHr56KxWosPomANbyMM=
github.com/gethinode/mod-blocks v1.3.0/go.mod h1:H3Slh4BaxmYLX61YXyO/yqMZHlCwSlvX3VekDpnWCSM=
github.com/gethinode/mod-blocks v1.3.1 h1:LuwUVSgBrXQ6jBIoNPt730HA8TMJQVNIDxwKIgWTimo=
github.com/gethinode/mod-blocks v1.3.1/go.mod h1:H3Slh4BaxmYLX61YXyO/yqMZHlCwSlvX3VekDpnWCSM=
github.com/gethinode/mod-blocks v1.3.2 h1:k41aZFj8ca1/3Luuy1/pAcXLQZ8g36vumXMMsV9LeIQ=
github.com/gethinode/mod-blocks v1.3.2/go.mod h1:tWJHYxqGv4soXHH/DOHEpxtvv/rjp5GQdv7TAgxODnA=
github.com/gethinode/mod-blocks v1.4.0 h1:WGxpyNUEWGxpT2zFkPEFkl/irkaegFUB4hcaLjfQhC4=
github.com/gethinode/mod-blocks v1.4.0/go.mod h1:R3NMyLEbu54wiFThuuo9y5JfsZUS5Gn9wZJPxq0T8BM=
github.com/gethinode/mod-blocks v1.4.1 h1:zaO6VcrQGeF8hyXPFYB5UfX1fW3LUxyL7U7KavwAmeA=
github.com/gethinode/mod-blocks v1.4.1/go.mod h1:R3NMyLEbu54wiFThuuo9y5JfsZUS5Gn9wZJPxq0T8BM=
github.com/gethinode/mod-blocks v1.5.2 h1:mfzXlYmfc7MBULR2Pn7+3r92K8hIe2RNRm0eufz/JoM=
github.com/gethinode/mod-blocks v1.5.2/go.mod h1:R3NMyLEbu54wiFThuuo9y5JfsZUS5Gn9wZJPxq0T8BM=
github.com/gethinode/mod-blocks v1.5.3 h1:KBELyr4CYvxzSKlJDGgf9jbsfSZh2++UOQqNmDLrKzA=
github.com/gethinode/mod-blocks v1.5.3/go.mod h1:R3NMyLEbu54wiFThuuo9y5JfsZUS5Gn9wZJPxq0T8BM=
github.com/gethinode/mod-blocks v1.6.0 h1:zaSKAADCZCX4+bTHHxr/AeoWvSYp+WWFaR8bLOSSnzE=
github.com/gethinode/mod-blocks v1.6.0/go.mod h1:kktP6gmIsyZxOcYXmZ25Wu5n51yIRQ0GijXUjx9bWaU=
github.com/gethinode/mod-blocks v1.7.0 h1:qEuETmIV1OFusRAWR50Q/UoqrZhR500ijSntNaU63QA=
github.com/gethinode/mod-blocks v1.7.0/go.mod h1:R6npt7cWC5vUP3LsHZNjryFYdhtXEOpfVLTWmcJqmDQ=
github.com/gethinode/mod-blocks v1.9.0 h1:KJwmaRKS7uLoZTskvMCsVSxa9yR/eNcS0X9fzTn51ak=
github.com/gethinode/mod-blocks v1.9.0/go.mod h1:kxmtogbVK/BlYiy8INFq5EaVGAWdJoVmJYDgkAPp3qU=
github.com/gethinode/mod-blocks v1.10.0 h1:kYh+DIY3mFaZFL96JQXl81mq23CZzv0eIcNrxQAFino=
github.com/gethinode/mod-blocks v1.10.0/go.mod h1:33+IprRvmcxkLPCJKqMrvMHIw3S/Rv4lK4sWUqWr1fA=
github.com/gethinode/mod-blocks v1.11.0 h1:R6U3qJAUGFbwEHmhuycS++BfSgAJtn5n6HDhKG5FuCc=
github.com/gethinode/mod-blocks v1.11.0/go.mod h1:33+IprRvmcxkLPCJKqMrvMHIw3S/Rv4lK4sWUqWr1fA=
github.com/gethinode/mod-blocks v1.12.0 h1:yYUmLJR3pYDnsbTXR/yvQdTAba/gjtp6AK9nA/pHiv4=
github.com/gethinode/mod-blocks v1.12.0/go.mod h1:33+IprRvmcxkLPCJKqMrvMHIw3S/Rv4lK4sWUqWr1fA=
github.com/gethinode/mod-blocks v1.12.1 h1:6F9jOBQgBHadd9OtRiQzsA5R0WdP9xOHZRWudswk/kM=
github.com/gethinode/mod-blocks v1.12.1/go.mod h1:cAqHtgb/jApkNmwgxtUj2X7Zoh9mHa5P8wM5STQks24=
github.com/gethinode/mod-blocks v1.12.2 h1:sGRqahSgkSdqCdcwmiSbeN6pBw0mwUuZDjdEJqFaoNQ=
github.com/gethinode/mod-blocks v1.12.2/go.mod h1:msM51EuP/fvuprF/gbcyeFqczkpem7LRsAGa1F9r8IY=
github.com/gethinode/mod-blocks v1.12.3 h1:eiVIXZ61MkdycDWPJsjpeU9lwtKO/6yAFX8TQz9ZXd0=
github.com/gethinode/mod-blocks v1.12.3/go.mod h1:zuYPZrFa68/evskOUpreOlpdpH5Rg4UKEf54gi6wMls=
github.com/gethinode/mod-blocks v1.13.0 h1:/EgthXfhKFvDwsP9tFVUjNFR1h37wCoPQu8A/XRx4oo=
github.com/gethinode/mod-blocks v1.13.0/go.mod h1:jJ9VcUecK16bXza0uGVdOpKeuV+d+qVtjfLKvR4jFA8=
github.com/gethinode/mod-blocks v1.13.1 h1:kCHOEAGXzy0M/tPdKMW3wIbLWq1qhx99K1eVmkNIIag=
github.com/gethinode/mod-blocks v1.13.1/go.mod h1:jJ9VcUecK16bXza0uGVdOpKeuV+d+qVtjfLKvR4jFA8=
github.com/gethinode/mod-blocks v1.13.2 h1:M8181RS6FloyJcayVxqxzMDwuv1+IwpiGbT5u8eWrDo=
github.com/gethinode/mod-blocks v1.13.2/go.mod h1:jJ9VcUecK16bXza0uGVdOpKeuV+d+qVtjfLKvR4jFA8=
github.com/gethinode/mod-blocks v1.14.0 h1:OYJymixs7EtE4eeOTFco2pAckWpers2Vk9mVQkhELwQ=
github.com/gethinode/mod-blocks v1.14.0/go.mod h1:xcYuTxTh0DJz2zQqERgG5Tjzj7Sr+luQjvqfc04K3tI=
github.com/gethinode/mod-blocks v1.15.0 h1:FUQRPvoqqMKbkJORwvlLwEPed28iwglo8VqUN89danw=
github.com/gethinode/mod-blocks v1.15.0/go.mod h1:xcYuTxTh0DJz2zQqERgG5Tjzj7Sr+luQjvqfc04K3tI=
github.com/gethinode/mod-blocks v1.15.1 h1:gKUclJD+yUhsrLRr5uheOJ2MMLK2EuAAZFZI6nCpc68=
github.com/gethinode/mod-blocks v1.15.1/go.mod h1:A9WagW9TCZxv/VsVF92CATjfxeVDKBrhF1n33IV9250=
github.com/gethinode/mod-blocks v1.15.2 h1:Sx1HdveBvJuQlTw1rfKwW4nkVZfJuien+6CykLGvo90=
github.com/gethinode/mod-blocks v1.15.2/go.mod h1:iG/4tXktwqgUyzHyRbuAHmGsdQwmEhUG/YkufNcUe+k=
github.com/gethinode/mod-blocks v1.15.3 h1:GORSj6ehAGuOTBKvXSGiy8EuCx5hnbEJvgVoW4gIDEg=
github.com/gethinode/mod-blocks v1.15.3/go.mod h1:jX1qXECc+RNBiGE9lOhc+5QE7JvCBWL1m/dzY2F6Dx4=
github.com/gethinode/mod-blocks v1.16.1 h1:jO1lnFJqgDDqQQs0n8gnsu1o1n9MIde9LDuAFcnnjA4=
github.com/gethinode/mod-blocks v1.16.1/go.mod h1:sAMe4iLdX14DQQ8cl0GN6k1TTjZzpRnKQ9OafgN9rAw=
github.com/gethinode/mod-blocks v1.16.2 h1:q6jHbpLUUvAPc5u2DV3b5aEiFHQZYum0yqkKepMusuM=
github.com/gethinode/mod-blocks v1.16.2/go.mod h1:sAMe4iLdX14DQQ8cl0GN6k1TTjZzpRnKQ9OafgN9rAw=
github.com/gethinode/mod-blocks v1.17.0 h1:9CU/DpBz1jwBfSOcuwXlT4BxHTNBDb9JN9LR1RHTzc0=
github.com/gethinode/mod-blocks v1.17.0/go.mod h1:sAMe4iLdX14DQQ8cl0GN6k1TTjZzpRnKQ9OafgN9rAw=
github.com/gethinode/mod-blocks v1.18.0 h1:zOlvsHo0td407WztbaRJRHYHvuc53FJcQcYvfiZNdU0=
github.com/gethinode/mod-blocks v1.18.0/go.mod h1:sAMe4iLdX14DQQ8cl0GN6k1TTjZzpRnKQ9OafgN9rAw=
github.com/gethinode/mod-blocks v1.18.1 h1:FjMDAqgiNyZcRQYkHeQjzN7tyDEwxNrq4SCyHKxVYMs=
github.com/gethinode/mod-blocks v1.18.1/go.mod h1:sAMe4iLdX14DQQ8cl0GN6k1TTjZzpRnKQ9OafgN9rAw=
github.com/gethinode/mod-blocks v1.19.1 h1:rBr+GRFJCvm9k7tm+q26X6r3uX25wTeH7X4U9y0qtJg=
github.com/gethinode/mod-blocks v1.19.1/go.mod h1:sAMe4iLdX14DQQ8cl0GN6k1TTjZzpRnKQ9OafgN9rAw=
github.com/gethinode/mod-blocks v1.19.2 h1:Yw1eKx+kepdObzgtd/7xZGvwuatVrZmzO8B3G3M8/4E=
github.com/gethinode/mod-blocks v1.19.2/go.mod h1:sAMe4iLdX14DQQ8cl0GN6k1TTjZzpRnKQ9OafgN9rAw=
github.com/gethinode/mod-blocks v1.20.0 h1:9tBxHZQYx2rnW4OB4Gj7VszJhafycJMSZsWKc86FI1c=
github.com/gethinode/mod-blocks v1.20.0/go.mod h1:sAMe4iLdX14DQQ8cl0GN6k1TTjZzpRnKQ9OafgN9rAw=
github.com/gethinode/mod-blocks v1.21.0 h1:PJnFiLAQysREjyDdc8LRIvcWgbdrLDWh/33E23H7n0k=
github.com/gethinode/mod-blocks v1.21.0/go.mod h1:J5pThiZWwFsaYypOs+PXGJKWJ9DZ/USqRETM1bIxfXk=
github.com/gethinode/mod-blocks v1.22.0 h1:/1Hpr4Ogeq9tesNKzeCPatol6bKZt/X5ULKDgBTk100=
github.com/gethinode/mod-blocks v1.22.0/go.mod h1:7a0rJUYtWi9HJZ6sf/7aiuZiVnMxh/r8ZuArv0ELlbM=
github.com/gethinode/mod-blocks v1.22.1 h1:akTuUmBbC81SvgfVIRXCu/g4UuelEYnlhjYNVmyE2UM=
github.com/gethinode/mod-blocks v1.22.1/go.mod h1:7a0rJUYtWi9HJZ6sf/7aiuZiVnMxh/r8ZuArv0ELlbM=
github.com/gethinode/mod-utils/v5 v5.10.0 h1:NlofAfa1YILV9pwS8vMkEwVUdrnKCoIlVwJPm3+UVGs=
github.com/gethinode/mod-utils/v5 v5.10.0/go.mod h1:PwQN4oOjA6k/vet11JueJ9asZMgL0DBa3jyS9tPkBWU=
github.com/gethinode/mod-utils/v5 v5.11.0 h1:1BO9uK0zecHF6dNJcqX8NFNHSIdizlyj88n9ylLUsDc=
github.com/gethinode/mod-utils/v5 v5.11.0/go.mod h1:PwQN4oOjA6k/vet11JueJ9asZMgL0DBa3jyS9tPkBWU=
github.com/gethinode/mod-utils/v5 v5.11.1 h1:LfVXEh3dYwIFNyL4i3R9YinfN1yf1PQTivKQ2sUsCQY=
github.com/gethinode/mod-utils/v5 v5.11.1/go.mod h1:PwQN4oOjA6k/vet11JueJ9asZMgL0DBa3jyS9tPkBWU=
github.com/gethinode/mod-utils/v5 v5.12.0 h1:XH6/MsvgPfYVD8Ci3t20vRH3Zz1JpaqqG6X0/j3mRSE=
github.com/gethinode/mod-utils/v5 v5.12.0/go.mod h1:PwQN4oOjA6k/vet11JueJ9asZMgL0DBa3jyS9tPkBWU=
github.com/gethinode/mod-utils/v5 v5.13.0 h1:ztkE1REey94x36UdlZ7yeitpIQid/BcZQh+wtxBTSQ8=
github.com/gethinode/mod-utils/v5 v5.13.0/go.mod h1:PwQN4oOjA6k/vet11JueJ9asZMgL0DBa3jyS9tPkBWU=
github.com/gethinode/mod-utils/v5 v5.14.0 h1:Nntb2ei7yTRsUmGMUHo/fgCfacIk+GD/ZbSW64gu6HM=
github.com/gethinode/mod-utils/v5 v5.14.0/go.mod h1:PwQN4oOjA6k/vet11JueJ9asZMgL0DBa3jyS9tPkBWU=
github.com/gethinode/mod-utils/v5 v5.15.0 h1:8X/QT/O/OQaN6IISVg9C4/mp/DIr2+q+ofM7Ll3pLT8=
github.com/gethinode/mod-utils/v5 v5.15.0/go.mod h1:PwQN4oOjA6k/vet11JueJ9asZMgL0DBa3jyS9tPkBWU=
github.com/gethinode/mod-utils/v5 v5.15.1 h1:DE3zpIdHznpI7xOB8u+++MQHr4mdGE/WdAa7/M0lKC4=
github.com/gethinode/mod-utils/v5 v5.15.1/go.mod h1:PwQN4oOjA6k/vet11JueJ9asZMgL0DBa3jyS9tPkBWU=
github.com/gethinode/mod-utils/v5 v5.16.0 h1:RqZZKJ3cyjwCyjrzH93FBnI7zQgr+RZaSRQUAq3D3uI=
github.com/gethinode/mod-utils/v5 v5.16.0/go.mod h1:PwQN4oOjA6k/vet11JueJ9asZMgL0DBa3jyS9tPkBWU=
github.com/gethinode/mod-utils/v5 v5.16.1 h1:WzE+xFKmOGX5zAhJ/udR0BFMEiGSbFVLBX/s/n58Rmo=
github.com/gethinode/mod-utils/v5 v5.16.1/go.mod h1:PwQN4oOjA6k/vet11JueJ9asZMgL0DBa3jyS9tPkBWU=
github.com/gethinode/mod-utils/v5 v5.17.0 h1:qwOGyfWWmaSTQBaYrhRNYN/ATuTZ7XXOeAjLETxMGR0=
github.com/gethinode/mod-utils/v5 v5.17.0/go.mod h1:PwQN4oOjA6k/vet11JueJ9asZMgL0DBa3jyS9tPkBWU=
github.com/gethinode/mod-utils/v5 v5.18.0 h1:qRdwc7f+heVPJJh+383QgAYFc9i2jKHAr35ozawM9fI=
github.com/gethinode/mod-utils/v5 v5.18.0/go.mod h1:PwQN4oOjA6k/vet11JueJ9asZMgL0DBa3jyS9tPkBWU=
github.com/gethinode/mod-utils/v5 v5.19.0 h1:fX3gTsYoimUNqD/KeBsyBrrJ2DygQ0M7Rc8gL1HT5Tc=
github.com/gethinode/mod-utils/v5 v5.19.0/go.mod h1:PwQN4oOjA6k/vet11JueJ9asZMgL0DBa3jyS9tPkBWU=
github.com/gethinode/mod-utils/v5 v5.19.1 h1:peyYRxjIf8d84mt435veKaiO5nrIBXQ5xrHKHqcJehw=
github.com/gethinode/mod-utils/v5 v5.19.1/go.mod h1:PwQN4oOjA6k/vet11JueJ9asZMgL0DBa3jyS9tPkBWU=
github.com/gethinode/mod-utils/v5 v5.20.0 h1:K+oBv8kJ4pVj4m1HlxgJiC+DYNX4oumqS6Cvcp2C8Ho=
github.com/gethinode/mod-utils/v5 v5.20.0/go.mod h1:PwQN4oOjA6k/vet11JueJ9asZMgL0DBa3jyS9tPkBWU=
github.com/gethinode/mod-utils/v5 v5.22.0 h1:zVTzU4BQjqWcA4wrpvjrgxyLOHO+jxdLKiIiYMwbMV8=
github.com/gethinode/mod-utils/v5 v5.22.0/go.mod h1:PwQN4oOjA6k/vet11JueJ9asZMgL0DBa3jyS9tPkBWU=
github.com/gethinode/mod-utils/v5 v5.23.0 h1:PW4ceewrDiO7k3zVjtiLeyrKnAR4UEAxaXH6ja8CNSs=
github.com/gethinode/mod-utils/v5 v5.23.0/go.mod h1:PwQN4oOjA6k/vet11JueJ9asZMgL0DBa3jyS9tPkBWU=
