github.com/cloudcannon/bookshop/hugo/v3 v3.17.1 h1:weTVWBamjQHMIp/oYTFsPwRzzhWrZA6JO43QnxI1kxw=
github.com/cloudcannon/bookshop/hugo/v3 v3.17.1/go.mod h1:s7mIonDhtsLcn10ZKuVXyqd6BDHI8vT1WQhZw8rPfY8=
github.com/gethinode/mod-blocks v1.0.5 h1:IYWyz04kfCst8NXADivjvwRho3EOJRji74/kR+M4mAY=
github.com/gethinode/mod-blocks v1.0.5/go.mod h1:H3Slh4BaxmYLX61YXyO/yqMZHlCwSlvX3VekDpnWCSM=
github.com/gethinode/mod-blocks v1.0.6 h1:9lKJpChCwqYP6Hz1971TPnVrZiydz4nXoGlIzOlsIkw=
github.com/gethinode/mod-blocks v1.0.6/go.mod h1:H3Slh4BaxmYLX61YXyO/yqMZHlCwSlvX3VekDpnWCSM=
github.com/gethinode/mod-blocks v1.2.0 h1:+UN9DjpmH53jU6T4+yjC0xShTg8FA/MRZ2XNNKxcjgw=
github.com/gethinode/mod-blocks v1.2.0/go.mod h1:H3Slh4BaxmYLX61YXyO/yqMZHlCwSlvX3VekDpnWCSM=
github.com/gethinode/mod-blocks v1.3.0 h1:Aj0kIIOFDHU83F4r7zfO54YatHr56KxWosPomANbyMM=
github.com/gethinode/mod-blocks v1.3.0/go.mod h1:H3Slh4BaxmYLX61YXyO/yqMZHlCwSlvX3VekDpnWCSM=
github.com/gethinode/mod-blocks v1.3.1 h1:LuwUVSgBrXQ6jBIoNPt730HA8TMJQVNIDxwKIgWTimo=
github.com/gethinode/mod-blocks v1.3.1/go.mod h1:H3Slh4BaxmYLX61YXyO/yqMZHlCwSlvX3VekDpnWCSM=
github.com/gethinode/mod-blocks v1.3.2 h1:k41aZFj8ca1/3Luuy1/pAcXLQZ8g36vumXMMsV9LeIQ=
github.com/gethinode/mod-blocks v1.3.2/go.mod h1:tWJHYxqGv4soXHH/DOHEpxtvv/rjp5GQdv7TAgxODnA=
github.com/gethinode/mod-blocks v1.4.0 h1:WGxpyNUEWGxpT2zFkPEFkl/irkaegFUB4hcaLjfQhC4=
github.com/gethinode/mod-blocks v1.4.0/go.mod h1:R3NMyLEbu54wiFThuuo9y5JfsZUS5Gn9wZJPxq0T8BM=
github.com/gethinode/mod-blocks v1.4.1 h1:zaO6VcrQGeF8hyXPFYB5UfX1fW3LUxyL7U7KavwAmeA=
github.com/gethinode/mod-blocks v1.4.1/go.mod h1:R3NMyLEbu54wiFThuuo9y5JfsZUS5Gn9wZJPxq0T8BM=
github.com/gethinode/mod-blocks v1.5.2 h1:mfzXlYmfc7MBULR2Pn7+3r92K8hIe2RNRm0eufz/JoM=
github.com/gethinode/mod-blocks v1.5.2/go.mod h1:R3NMyLEbu54wiFThuuo9y5JfsZUS5Gn9wZJPxq0T8BM=
github.com/gethinode/mod-blocks v1.5.3 h1:KBELyr4CYvxzSKlJDGgf9jbsfSZh2++UOQqNmDLrKzA=
github.com/gethinode/mod-blocks v1.5.3/go.mod h1:R3NMyLEbu54wiFThuuo9y5JfsZUS5Gn9wZJPxq0T8BM=
github.com/gethinode/mod-blocks v1.6.0 h1:zaSKAADCZCX4+bTHHxr/AeoWvSYp+WWFaR8bLOSSnzE=
github.com/gethinode/mod-blocks v1.6.0/go.mod h1:kktP6gmIsyZxOcYXmZ25Wu5n51yIRQ0GijXUjx9bWaU=
github.com/gethinode/mod-blocks v1.7.0 h1:qEuETmIV1OFusRAWR50Q/UoqrZhR500ijSntNaU63QA=
github.com/gethinode/mod-blocks v1.7.0/go.mod h1:R6npt7cWC5vUP3LsHZNjryFYdhtXEOpfVLTWmcJqmDQ=
github.com/gethinode/mod-blocks v1.9.0 h1:KJwmaRKS7uLoZTskvMCsVSxa9yR/eNcS0X9fzTn51ak=
github.com/gethinode/mod-blocks v1.9.0/go.mod h1:kxmtogbVK/BlYiy8INFq5EaVGAWdJoVmJYDgkAPp3qU=
github.com/gethinode/mod-utils/v5 v5.10.0 h1:NlofAfa1YILV9pwS8vMkEwVUdrnKCoIlVwJPm3+UVGs=
github.com/gethinode/mod-utils/v5 v5.10.0/go.mod h1:PwQN4oOjA6k/vet11JueJ9asZMgL0DBa3jyS9tPkBWU=
github.com/gethinode/mod-utils/v5 v5.11.0 h1:1BO9uK0zecHF6dNJcqX8NFNHSIdizlyj88n9ylLUsDc=
github.com/gethinode/mod-utils/v5 v5.11.0/go.mod h1:PwQN4oOjA6k/vet11JueJ9asZMgL0DBa3jyS9tPkBWU=
github.com/gethinode/mod-utils/v5 v5.11.1 h1:LfVXEh3dYwIFNyL4i3R9YinfN1yf1PQTivKQ2sUsCQY=
github.com/gethinode/mod-utils/v5 v5.11.1/go.mod h1:PwQN4oOjA6k/vet11JueJ9asZMgL0DBa3jyS9tPkBWU=
github.com/gethinode/mod-utils/v5 v5.12.0 h1:XH6/MsvgPfYVD8Ci3t20vRH3Zz1JpaqqG6X0/j3mRSE=
github.com/gethinode/mod-utils/v5 v5.12.0/go.mod h1:PwQN4oOjA6k/vet11JueJ9asZMgL0DBa3jyS9tPkBWU=
github.com/gethinode/mod-utils/v5 v5.13.0 h1:ztkE1REey94x36UdlZ7yeitpIQid/BcZQh+wtxBTSQ8=
github.com/gethinode/mod-utils/v5 v5.13.0/go.mod h1:PwQN4oOjA6k/vet11JueJ9asZMgL0DBa3jyS9tPkBWU=
github.com/gethinode/mod-utils/v5 v5.14.0 h1:Nntb2ei7yTRsUmGMUHo/fgCfacIk+GD/ZbSW64gu6HM=
github.com/gethinode/mod-utils/v5 v5.14.0/go.mod h1:PwQN4oOjA6k/vet11JueJ9asZMgL0DBa3jyS9tPkBWU=
